{
  "requires": true,
  "lockfileVersion": 1,
  "dependencies": {
    "elm-debug-transformer": {
      "version": "1.0.5",
      "resolved": "https://registry.npmjs.org/elm-debug-transformer/-/elm-debug-transformer-1.0.5.tgz",
      "integrity": "sha512-3mbgDGFUSm+061s3WPuhcia/h1/iVh8THx4FwJ6XSxGvtSCZ30BmyYSCczRKRFgMedYl24+B8hxBZfHaLxQ+2g=="
    }
  }
}
